
Microsoft Visual Studio Solution File, Format Version 12.00
# Visual Studio Version 17
VisualStudioVersion = 17.7.34031.279
MinimumVisualStudioVersion = 10.0.40219.1
Project("{8BC9CEB8-8B4A-11D0-8D11-00A0C91BC942}") = "End of Days", "End of Days.vcxproj", "{FB72CB51-40A5-4B7E-B873-2C1BF1FA0073}"
EndProject
Global
	GlobalSection(SolutionConfigurationPlatforms) = preSolution
		Debug|x64 = Debug|x64
		Debug|x86 = Debug|x86
		Release|x64 = Release|x64
		Release|x86 = Release|x86
	EndGlobalSection
	GlobalSection(ProjectConfigurationPlatforms) = postSolution
		{FB72CB51-40A5-4B7E-B873-2C1BF1FA0073}.Debug|x64.ActiveCfg = Debug|x64
		{FB72CB51-40A5-4B7E-B873-2C1BF1FA0073}.Debug|x64.Build.0 = Debug|x64
		{FB72CB51-40A5-4B7E-B873-2C1BF1FA0073}.Debug|x86.ActiveCfg = Debug|Win32
		{FB72CB51-40A5-4B7E-B873-2C1BF1FA0073}.Debug|x86.Build.0 = Debug|Win32
		{FB72CB51-40A5-4B7E-B873-2C1BF1FA0073}.Release|x64.ActiveCfg = Release|x64
		{FB72CB51-40A5-4B7E-B873-2C1BF1FA0073}.Release|x64.Build.0 = Release|x64
		{FB72CB51-40A5-4B7E-B873-2C1BF1FA0073}.Release|x86.ActiveCfg = Release|Win32
		{FB72CB51-40A5-4B7E-B873-2C1BF1FA0073}.Release|x86.Build.0 = Release|Win32
	EndGlobalSection
	GlobalSection(SolutionProperties) = preSolution
		HideSolutionNode = FALSE
	EndGlobalSection
	GlobalSection(ExtensibilityGlobals) = postSolution
		SolutionGuid = {D2AEAC48-1BD1-4F3B-88C6-28874400B143}
	EndGlobalSection
EndGlobal
